
Microsoft Visual Studio Solution File, Format Version 12.00
# Visual Studio Version 17
VisualStudioVersion = 17.9.34728.123
MinimumVisualStudioVersion = 10.0.40219.1
Project("{FAE04EC0-301F-11D3-BF4B-00C04F79EFBC}") = "ProyectoMVC", "ProyectoMVC.csproj", "{9E1DEEAD-3A91-4B6C-BD82-570DD0932F1C}"
EndProject
Project("{FAE04EC0-301F-11D3-BF4B-00C04F79EFBC}") = "DTOProyectoMVC", "..\DTOProyectoMVC\DTOProyectoMVC.csproj", "{702BE35F-B352-4D8D-A968-BF73898EB968}"
EndProject
Global
	GlobalSection(SolutionConfigurationPlatforms) = preSolution
		Debug|Any CPU = Debug|Any CPU
		Release|Any CPU = Release|Any CPU
	EndGlobalSection
	GlobalSection(ProjectConfigurationPlatforms) = postSolution
		{9E1DEEAD-3A91-4B6C-BD82-570DD0932F1C}.Debug|Any CPU.ActiveCfg = Debug|Any CPU
		{9E1DEEAD-3A91-4B6C-BD82-570DD0932F1C}.Debug|Any CPU.Build.0 = Debug|Any CPU
		{9E1DEEAD-3A91-4B6C-BD82-570DD0932F1C}.Release|Any CPU.ActiveCfg = Release|Any CPU
		{9E1DEEAD-3A91-4B6C-BD82-570DD0932F1C}.Release|Any CPU.Build.0 = Release|Any CPU
		{702BE35F-B352-4D8D-A968-BF73898EB968}.Debug|Any CPU.ActiveCfg = Debug|Any CPU
		{702BE35F-B352-4D8D-A968-BF73898EB968}.Debug|Any CPU.Build.0 = Debug|Any CPU
		{702BE35F-B352-4D8D-A968-BF73898EB968}.Release|Any CPU.ActiveCfg = Release|Any CPU
		{702BE35F-B352-4D8D-A968-BF73898EB968}.Release|Any CPU.Build.0 = Release|Any CPU
	EndGlobalSection
	GlobalSection(SolutionProperties) = preSolution
		HideSolutionNode = FALSE
	EndGlobalSection
	GlobalSection(ExtensibilityGlobals) = postSolution
		SolutionGuid = {C2D1BB43-FDE8-42DD-9BDC-94EE45E0F7F4}
	EndGlobalSection
EndGlobal
